{
  "originHash" : "d6e072f3c3cf9dc2a3fd386f738e6628b001a5013b10bb747885f7dd9412f725",
  "pins" : [
    {
      "identity" : "conditionals",
      "kind" : "remoteSourceControl",
      "location" : "https://github.com/aeastr/Conditionals.git",
      "state" : {
        "revision" : "82e1eb00b0c888d1e9d3ca8ddcf5bf6c913177e9",
        "version" : "1.2.0"
      }
    }
  ],
  "version" : 3
}
